
Microsoft Visual Studio Solution File, Format Version 12.00
# Visual Studio Version 17
VisualStudioVersion = 17.7.34003.232
MinimumVisualStudioVersion = 10.0.40219.1
Project("{FAE04EC0-301F-11D3-BF4B-00C04F79EFBC}") = "ConsoleApp9", "ConsoleApp9\ConsoleApp9.csproj", "{FDA6E44B-A437-4A6F-AE13-662AD0D2CA66}"
EndProject
Global
	GlobalSection(SolutionConfigurationPlatforms) = preSolution
		Debug|Any CPU = Debug|Any CPU
		Release|Any CPU = Release|Any CPU
	EndGlobalSection
	GlobalSection(ProjectConfigurationPlatforms) = postSolution
		{FDA6E44B-A437-4A6F-AE13-662AD0D2CA66}.Debug|Any CPU.ActiveCfg = Debug|Any CPU
		{FDA6E44B-A437-4A6F-AE13-662AD0D2CA66}.Debug|Any CPU.Build.0 = Debug|Any CPU
		{FDA6E44B-A437-4A6F-AE13-662AD0D2CA66}.Release|Any CPU.ActiveCfg = Release|Any CPU
		{FDA6E44B-A437-4A6F-AE13-662AD0D2CA66}.Release|Any CPU.Build.0 = Release|Any CPU
	EndGlobalSection
	GlobalSection(SolutionProperties) = preSolution
		HideSolutionNode = FALSE
	EndGlobalSection
	GlobalSection(ExtensibilityGlobals) = postSolution
		SolutionGuid = {F6544CAD-5E92-44B7-90EE-5D72CAC651E1}
	EndGlobalSection
EndGlobal
